{
  "name": "tree-sitter-http",
  "version": "0.0.0",
  "lockfileVersion": 3,
  "requires": true,
  "packages": {
    "": {
      "name": "tree-sitter-http",
      "version": "0.0.0",
      "license": "MIT",
      "workspaces": [
        "bindings/web",
        "web"
      ],
      "devDependencies": {
        "tree-sitter-cli": "0.25.10"
      }
    },
    "bindings/web": {
      "name": "tree-sitter-http-web",
      "version": "0.0.0",
      "license": "MIT",
      "devDependencies": {
        "@tree-sitter-grammars/tree-sitter-xml": "0.7.0",
        "tree-sitter-json": "0.24.8",
        "web-tree-sitter": "0.25.10"
      }
    },
    "node_modules/@tree-sitter-grammars/tree-sitter-xml": {
      "version": "0.7.0",
      "resolved": "https://registry.npmjs.org/@tree-sitter-grammars/tree-sitter-xml/-/tree-sitter-xml-0.7.0.tgz",
      "integrity": "sha512-AZHPPHEffNECqe1j6SGtgrQryPymKxniIbwI/9FQHvfhHe2Ug/aec51sJr2JWhE8do1Keaul5Yw2U2AiiPEm8Q==",
      "dev": true,
      "hasInstallScript": true,
      "license": "MIT",
      "dependencies": {
        "node-addon-api": "^8.2.2",
        "node-gyp-build": "^4.8.3"
      },
      "funding": {
        "type": "github",
        "url": "https://github.com/sponsors/ObserverOfTime"
      },
      "peerDependencies": {
        "tree-sitter": "^0.21.1"
      },
      "peerDependenciesMeta": {
        "tree_sitter": {
          "optional": true
        }
      }
    },
    "node_modules/node-addon-api": {
      "version": "8.9.2",
      "resolved": "https://registry.npmjs.org/node-addon-api/-/node-addon-api-8.9.2.tgz",
      "integrity": "sha512-VijLXbi3UACN69I0JVXJsX4tjACjNoQDgv2gTF6sx2wWEi8tkSg2eX8p5gSIFi8z2+DL3oHmY6OyKce38SDolg==",
      "dev": true,
      "license": "MIT",
      "engines": {
        "node": "^18 || ^20 || >= 21"
      }
    },
    "node_modules/node-gyp-build": {
      "version": "4.8.4",
      "resolved": "https://registry.npmjs.org/node-gyp-build/-/node-gyp-build-4.8.4.tgz",
      "integrity": "sha512-LA4ZjwlnUblHVgq0oBF3Jl/6h/Nvs5fzBLwdEF4nuxnFdsfajde4WfxtJr3CaiH+F6ewcIB/q4jQ4UzPyid+CQ==",
      "dev": true,
      "license": "MIT",
      "bin": {
        "node-gyp-build": "bin.js",
        "node-gyp-build-optional": "optional.js",
        "node-gyp-build-test": "build-test.js"
      }
    },
    "node_modules/tree-sitter": {
      "version": "0.21.1",
      "resolved": "https://registry.npmjs.org/tree-sitter/-/tree-sitter-0.21.1.tgz",
      "integrity": "sha512-7dxoA6kYvtgWw80265MyqJlkRl4yawIjO7S5MigytjELkX43fV2WsAXzsNfO7sBpPPCF5Gp0+XzHk0DwLCq3xQ==",
      "dev": true,
      "hasInstallScript": true,
      "license": "MIT",
      "peer": true,
      "dependencies": {
        "node-addon-api": "^8.0.0",
        "node-gyp-build": "^4.8.0"
      }
    },
    "node_modules/tree-sitter-cli": {
      "version": "0.25.10",
      "resolved": "https://registry.npmjs.org/tree-sitter-cli/-/tree-sitter-cli-0.25.10.tgz",
      "integrity": "sha512-KoebQguKMCIghisEOdA372TIbrUl0kdnfZ9YQIBRAeOvNSKe85XbU4LuFW7hduRUwJj0rAG7pX5wo9sZhbBF1g==",
      "dev": true,
      "hasInstallScript": true,
      "license": "MIT",
      "bin": {
        "tree-sitter": "cli.js"
      },
      "engines": {
        "node": ">=12.0.0"
      }
    },
    "node_modules/tree-sitter-http-guide": {
      "resolved": "web",
      "link": true
    },
    "node_modules/tree-sitter-http-web": {
      "resolved": "bindings/web",
      "link": true
    },
    "node_modules/tree-sitter-json": {
      "version": "0.24.8",
      "resolved": "https://registry.npmjs.org/tree-sitter-json/-/tree-sitter-json-0.24.8.tgz",
      "integrity": "sha512-Tc9ZZYwHyWZ3Tt1VEw7Pa2scu1YO7/d2BCBbKTx5hXwig3UfdQjsOPkPyLpDJOn/m1UBEWYAtSdGAwCSyagBqQ==",
      "dev": true,
      "hasInstallScript": true,
      "license": "MIT",
      "dependencies": {
        "node-addon-api": "^8.2.2",
        "node-gyp-build": "^4.8.2"
      },
      "peerDependencies": {
        "tree-sitter": "^0.21.1"
      },
      "peerDependenciesMeta": {
        "tree-sitter": {
          "optional": true
        }
      }
    },
    "node_modules/web-tree-sitter": {
      "version": "0.25.10",
      "resolved": "https://registry.npmjs.org/web-tree-sitter/-/web-tree-sitter-0.25.10.tgz",
      "integrity": "sha512-Y09sF44/13XvgVKgO2cNDw5rGk6s26MgoZPXLESvMXeefBf7i6/73eFurre0IsTW6E14Y0ArIzhUMmjoc7xyzA==",
      "dev": true,
      "license": "MIT",
      "peerDependencies": {
        "@types/emscripten": "^1.40.0"
      },
      "peerDependenciesMeta": {
        "@types/emscripten": {
          "optional": true
        }
      }
    },
    "web": {
      "name": "tree-sitter-http-guide",
      "version": "0.0.0",
      "license": "MIT",
      "devDependencies": {
        "@tree-sitter-grammars/tree-sitter-xml": "0.7.0",
        "tree-sitter-http-web": "*",
        "tree-sitter-json": "0.24.8"
      }
    }
  }
}
